// !$*UTF8*$!
{
	archiveVersion = 1;
	classes = {
	};
	objectVersion = 50;
	objects = {

/* Begin PBXBuildFile section */
		F2A568EE248E881E00779988 /* AppDelegate.swift in Sources */ = {isa = PBXBuildFile; fileRef = F2A568ED248E881E00779988 /* AppDelegate.swift */; };
		F2A568F0248E881E00779988 /* SceneDelegate.swift in Sources */ = {isa = PBXBuildFile; fileRef = F2A568EF248E881E00779988 /* SceneDelegate.swift */; };
		F2A568F2248E881E00779988 /* ViewController.swift in Sources */ = {isa = PBXBuildFile; fileRef = F2A568F1248E881E00779988 /* ViewController.swift */; };
		F2A568F5248E881E00779988 /* Main.storyboard in Resources */ = {isa = PBXBuildFile; fileRef = F2A568F3248E881E00779988 /* Main.storyboard */; };
		F2A568F7248E882000779988 /* Assets.xcassets in Resources */ = {isa = PBXBuildFile; fileRef = F2A568F6248E882000779988 /* Assets.xcassets */; };
		F2A568FA248E882000779988 /* LaunchScreen.storyboard in Resources */ = {isa = PBXBuildFile; fileRef = F2A568F8248E882000779988 /* LaunchScreen.storyboard */; };
		F2A56905248E882100779988 /* ComixCardsTests.swift in Sources */ = {isa = PBXBuildFile; fileRef = F2A56904248E882100779988 /* ComixCardsTests.swift */; };
/* End PBXBuildFile section */

/* Begin PBXContainerItemProxy section */
		F2A56901248E882100779988 /* PBXContainerItemProxy */ = {
			isa = PBXContainerItemProxy;
			containerPortal = F2A568E2248E881E00779988 /* Project object */;
			proxyType = 1;
			remoteGlobalIDString = F2A568E9248E881E00779988;
			remoteInfo = ComixCards;
		};
/* End PBXContainerItemProxy section */

/* Begin PBXFileReference section */
		F2A568EA248E881E00779988 /* ComixCards.app */ = {isa = PBXFileReference; explicitFileType = wrapper.application; includeInIndex = 0; path = ComixCards.app; sourceTree = BUILT_PRODUCTS_DIR; };
		F2A568ED248E881E00779988 /* AppDelegate.swift */ = {isa = PBXFileReference; lastKnownFileType = sourcecode.swift; path = AppDelegate.swift; sourceTree = "<group>"; };
		F2A568EF248E881E00779988 /* SceneDelegate.swift */ = {isa = PBXFileReference; lastKnownFileType = sourcecode.swift; path = SceneDelegate.swift; sourceTree = "<group>"; };
		F2A568F1248E881E00779988 /* ViewController.swift */ = {isa = PBXFileReference; lastKnownFileType = sourcecode.swift; path = ViewController.swift; sourceTree = "<group>"; };
		F2A568F4248E881E00779988 /* Base */ = {isa = PBXFileReference; lastKnownFileType = file.storyboard; name = Base; path = Base.lproj/Main.storyboard; sourceTree = "<group>"; };
		F2A568F6248E882000779988 /* Assets.xcassets */ = {isa = PBXFileReference; lastKnownFileType = folder.assetcatalog; path = Assets.xcassets; sourceTree = "<group>"; };
		F2A568F9248E882000779988 /* Base */ = {isa = PBXFileReference; lastKnownFileType = file.storyboard; name = Base; path = Base.lproj/LaunchScreen.storyboard; sourceTree = "<group>"; };
		F2A568FB248E882000779988 /* Info.plist */ = {isa = PBXFileReference; lastKnownFileType = text.plist.xml; path = Info.plist; sourceTree = "<group>"; };
		F2A56900248E882100779988 /* ComixCardsTests.xctest */ = {isa = PBXFileReference; explicitFileType = wrapper.cfbundle; includeInIndex = 0; path = ComixCardsTests.xctest; sourceTree = BUILT_PRODUCTS_DIR; };
		F2A56904248E882100779988 /* ComixCardsTests.swift */ = {isa = PBXFileReference; lastKnownFileType = sourcecode.swift; path = ComixCardsTests.swift; sourceTree = "<group>"; };
		F2A56906248E882100779988 /* Info.plist */ = {isa = PBXFileReference; lastKnownFileType = text.plist.xml; path = Info.plist; sourceTree = "<group>"; };
/* End PBXFileReference section */

/* Begin PBXFrameworksBuildPhase section */
		F2A568E7248E881E00779988 /* Frameworks */ = {
			isa = PBXFrameworksBuildPhase;
			buildActionMask = 2147483647;
			files = (
			);
			runOnlyForDeploymentPostprocessing = 0;
		};
		F2A568FD248E882100779988 /* Frameworks */ = {
			isa = PBXFrameworksBuildPhase;
			buildActionMask = 2147483647;
			files = (
			);
			runOnlyForDeploymentPostprocessing = 0;
		};
/* End PBXFrameworksBuildPhase section */

/* Begin PBXGroup section */
		F2A568E1248E881E00779988 = {
			isa = PBXGroup;
			children = (
				F2A568EC248E881E00779988 /* ComixCards */,
				F2A56903248E882100779988 /* ComixCardsTests */,
				F2A568EB248E881E00779988 /* Products */,
			);
			sourceTree = "<group>";
		};
		F2A568EB248E881E00779988 /* Products */ = {
			isa = PBXGroup;
			children = (
				F2A568EA248E881E00779988 /* ComixCards.app */,
				F2A56900248E882100779988 /* ComixCardsTests.xctest */,
			);
			name = Products;
			sourceTree = "<group>";
		};
		F2A568EC248E881E00779988 /* ComixCards */ = {
			isa = PBXGroup;
			children = (
				F2A568ED248E881E00779988 /* AppDelegate.swift */,
				F2A568EF248E881E00779988 /* SceneDelegate.swift */,
				F2A568F1248E881E00779988 /* ViewController.swift */,
				F2A568F3248E881E00779988 /* Main.storyboard */,
				F2A568F6248E882000779988 /* Assets.xcassets */,
				F2A568F8248E882000779988 /* LaunchScreen.storyboard */,
				F2A568FB248E882000779988 /* Info.plist */,
			);
			path = ComixCards;
			sourceTree = "<group>";
		};
		F2A56903248E882100779988 /* ComixCardsTests */ = {
			isa = PBXGroup;
			children = (
				F2A56904248E882100779988 /* ComixCardsTests.swift */,
				F2A56906248E882100779988 /* Info.plist */,
			);
			path = ComixCardsTests;
			sourceTree = "<group>";
		};
/* End PBXGroup section */

/* Begin PBXNativeTarget section */
		F2A568E9248E881E00779988 /* ComixCards */ = {
			isa = PBXNativeTarget;
			buildConfigurationList = F2A56909248E882100779988 /* Build configuration list for PBXNativeTarget "ComixCards" */;
			buildPhases = (
				F2A568E6248E881E00779988 /* Sources */,
				F2A568E7248E881E00779988 /* Frameworks */,
				F2A568E8248E881E00779988 /* Resources */,
			);
			buildRules = (
			);
			dependencies = (
			);
			name = ComixCards;
			productName = ComixCards;
			productReference = F2A568EA248E881E00779988 /* ComixCards.app */;
			productType = "com.apple.product-type.application";
		};
		F2A568FF248E882100779988 /* ComixCardsTests */ = {
			isa = PBXNativeTarget;
			buildConfigurationList = F2A5690C248E882100779988 /* Build configuration list for PBXNativeTarget "ComixCardsTests" */;
			buildPhases = (
				F2A568FC248E882100779988 /* Sources */,
				F2A568FD248E882100779988 /* Frameworks */,
				F2A568FE248E882100779988 /* Resources */,
			);
			buildRules = (
			);
			dependencies = (
				F2A56902248E882100779988 /* PBXTargetDependency */,
			);
			name = ComixCardsTests;
			productName = ComixCardsTests;
			productReference = F2A56900248E882100779988 /* ComixCardsTests.xctest */;
			productType = "com.apple.product-type.bundle.unit-test";
		};
/* End PBXNativeTarget section */

/* Begin PBXProject section */
		F2A568E2248E881E00779988 /* Project object */ = {
			isa = PBXProject;
			attributes = {
				LastSwiftUpdateCheck = 1150;
				LastUpgradeCheck = 1150;
				ORGANIZATIONNAME = "Nikolas Omelianov";
				TargetAttributes = {
					F2A568E9248E881E00779988 = {
						CreatedOnToolsVersion = 11.5;
					};
					F2A568FF248E882100779988 = {
						CreatedOnToolsVersion = 11.5;
						TestTargetID = F2A568E9248E881E00779988;
					};
				};
			};
			buildConfigurationList = F2A568E5248E881E00779988 /* Build configuration list for PBXProject "ComixCards" */;
			compatibilityVersion = "Xcode 9.3";
			developmentRegion = en;
			hasScannedForEncodings = 0;
			knownRegions = (
				en,
				Base,
			);
			mainGroup = F2A568E1248E881E00779988;
			productRefGroup = F2A568EB248E881E00779988 /* Products */;
			projectDirPath = "";
			projectRoot = "";
			targets = (
				F2A568E9248E881E00779988 /* ComixCards */,
				F2A568FF248E882100779988 /* ComixCardsTests */,
			);
		};
/* End PBXProject section */

/* Begin PBXResourcesBuildPhase section */
		F2A568E8248E881E00779988 /* Resources */ = {
			isa = PBXResourcesBuildPhase;
			buildActionMask = 2147483647;
			files = (
				F2A568FA248E882000779988 /* LaunchScreen.storyboard in Resources */,
				F2A568F7248E882000779988 /* Assets.xcassets in Resources */,
				F2A568F5248E881E00779988 /* Main.storyboard in Resources */,
			);
			runOnlyForDeploymentPostprocessing = 0;
		};
		F2A568FE248E882100779988 /* Resources */ = {
			isa = PBXResourcesBuildPhase;
			buildActionMask = 2147483647;
			files = (
			);
			runOnlyForDeploymentPostprocessing = 0;
		};
/* End PBXResourcesBuildPhase section */

/* Begin PBXSourcesBuildPhase section */
		F2A568E6248E881E00779988 /* Sources */ = {
			isa = PBXSourcesBuildPhase;
			buildActionMask = 2147483647;
			files = (
				F2A568F2248E881E00779988 /* ViewController.swift in Sources */,
				F2A568EE248E881E00779988 /* AppDelegate.swift in Sources */,
				F2A568F0248E881E00779988 /* SceneDelegate.swift in Sources */,
			);
			runOnlyForDeploymentPostprocessing = 0;
		};
		F2A568FC248E882100779988 /* Sources */ = {
			isa = PBXSourcesBuildPhase;
			buildActionMask = 2147483647;
			files = (
				F2A56905248E882100779988 /* ComixCardsTests.swift in Sources */,
			);
			runOnlyForDeploymentPostprocessing = 0;
		};
/* End PBXSourcesBuildPhase section */

/* Begin PBXTargetDependency section */
		F2A56902248E882100779988 /* PBXTargetDependency */ = {
			isa = PBXTargetDependency;
			target = F2A568E9248E881E00779988 /* ComixCards */;
			targetProxy = F2A56901248E882100779988 /* PBXContainerItemProxy */;
		};
/* End PBXTargetDependency section */

/* Begin PBXVariantGroup section */
		F2A568F3248E881E00779988 /* Main.storyboard */ = {
			isa = PBXVariantGroup;
			children = (
				F2A568F4248E881E00779988 /* Base */,
			);
			name = Main.storyboard;
			sourceTree = "<group>";
		};
		F2A568F8248E882000779988 /* LaunchScreen.storyboard */ = {
			isa = PBXVariantGroup;
			children = (
				F2A568F9248E882000779988 /* Base */,
			);
			name = LaunchScreen.storyboard;
			sourceTree = "<group>";
		};
/* End PBXVariantGroup section */

/* Begin XCBuildConfiguration section */
		F2A56907248E882100779988 /* Debug */ = {
			isa = XCBuildConfiguration;
			buildSettings = {
				ALWAYS_SEARCH_USER_PATHS = NO;
				CLANG_ANALYZER_NONNULL = YES;
				CLANG_ANALYZER_NUMBER_OBJECT_CONVERSION = YES_AGGRESSIVE;
				CLANG_CXX_LANGUAGE_STANDARD = "gnu++14";
				CLANG_CXX_LIBRARY = "libc++";
				CLANG_ENABLE_MODULES = YES;
				CLANG_ENABLE_OBJC_ARC = YES;
				CLANG_ENABLE_OBJC_WEAK = YES;
				CLANG_WARN_BLOCK_CAPTURE_AUTORELEASING = YES;
				CLANG_WARN_BOOL_CONVERSION = YES;
				CLANG_WARN_COMMA = YES;
				CLANG_WARN_CONSTANT_CONVERSION = YES;
				CLANG_WARN_DEPRECATED_OBJC_IMPLEMENTATIONS = YES;
				CLANG_WARN_DIRECT_OBJC_ISA_USAGE = YES_ERROR;
				CLANG_WARN_DOCUMENTATION_COMMENTS = YES;
				CLANG_WARN_EMPTY_BODY = YES;
				CLANG_WARN_ENUM_CONVERSION = YES;
				CLANG_WARN_INFINITE_RECURSION = YES;
				CLANG_WARN_INT_CONVERSION = YES;
				CLANG_WARN_NON_LITERAL_NULL_CONVERSION = YES;
				CLANG_WARN_OBJC_IMPLICIT_RETAIN_SELF = YES;
				CLANG_WARN_OBJC_LITERAL_CONVERSION = YES;
				CLANG_WARN_OBJC_ROOT_CLASS = YES_ERROR;
				CLANG_WARN_RANGE_LOOP_ANALYSIS = YES;
				CLANG_WARN_STRICT_PROTOTYPES = YES;
				CLANG_WARN_SUSPICIOUS_MOVE = YES;
				CLANG_WARN_UNGUARDED_AVAILABILITY = YES_AGGRESSIVE;
				CLANG_WARN_UNREACHABLE_CODE = YES;
				CLANG_WARN__DUPLICATE_METHOD_MATCH = YES;
				COPY_PHASE_STRIP = NO;
				DEBUG_INFORMATION_FORMAT = dwarf;
				ENABLE_STRICT_OBJC_MSGSEND = YES;
				ENABLE_TESTABILITY = YES;
				GCC_C_LANGUAGE_STANDARD = gnu11;
				GCC_DYNAMIC_NO_PIC = NO;
				GCC_NO_COMMON_BLOCKS = YES;
				GCC_OPTIMIZATION_LEVEL = 0;
				GCC_PREPROCESSOR_DEFINITIONS = (
					"DEBUG=1",
					"$(inherited)",
				);
				GCC_WARN_64_TO_32_BIT_CONVERSION = YES;
				GCC_WARN_ABOUT_RETURN_TYPE = YES_ERROR;
				GCC_WARN_UNDECLARED_SELECTOR = YES;
				GCC_WARN_UNINITIALIZED_AUTOS = YES_AGGRESSIVE;
				GCC_WARN_UNUSED_FUNCTION = YES;
				GCC_WARN_UNUSED_VARIABLE = YES;
				IPHONEOS_DEPLOYMENT_TARGET = 13.5;
				MTL_ENABLE_DEBUG_INFO = INCLUDE_SOURCE;
				MTL_FAST_MATH = YES;
				ONLY_ACTIVE_ARCH = YES;
				SDKROOT = iphoneos;
				SWIFT_ACTIVE_COMPILATION_CONDITIONS = DEBUG;
				SWIFT_OPTIMIZATION_LEVEL = "-Onone";
			};
			name = Debug;
		};
		F2A56908248E882100779988 /* Release */ = {
			isa = XCBuildConfiguration;
			buildSettings = {
				ALWAYS_SEARCH_USER_PATHS = NO;
				CLANG_ANALYZER_NONNULL = YES;
				CLANG_ANALYZER_NUMBER_OBJECT_CONVERSION = YES_AGGRESSIVE;
				CLANG_CXX_LANGUAGE_STANDARD = "gnu++14";
				CLANG_CXX_LIBRARY = "libc++";
				CLANG_ENABLE_MODULES = YES;
				CLANG_ENABLE_OBJC_ARC = YES;
				CLANG_ENABLE_OBJC_WEAK = YES;
				CLANG_WARN_BLOCK_CAPTURE_AUTORELEASING = YES;
				CLANG_WARN_BOOL_CONVERSION = YES;
				CLANG_WARN_COMMA = YES;
				CLANG_WARN_CONSTANT_CONVERSION = YES;
				CLANG_WARN_DEPRECATED_OBJC_IMPLEMENTATIONS = YES;
				CLANG_WARN_DIRECT_OBJC_ISA_USAGE = YES_ERROR;
				CLANG_WARN_DOCUMENTATION_COMMENTS = YES;
				CLANG_WARN_EMPTY_BODY = YES;
				CLANG_WARN_ENUM_CONVERSION = YES;
				CLANG_WARN_INFINITE_RECURSION = YES;
				CLANG_WARN_INT_CONVERSION = YES;
				CLANG_WARN_NON_LITERAL_NULL_CONVERSION = YES;
				CLANG_WARN_OBJC_IMPLICIT_RETAIN_SELF = YES;
				CLANG_WARN_OBJC_LITERAL_CONVERSION = YES;
				CLANG_WARN_OBJC_ROOT_CLASS = YES_ERROR;
				CLANG_WARN_RANGE_LOOP_ANALYSIS = YES;
				CLANG_WARN_STRICT_PROTOTYPES = YES;
				CLANG_WARN_SUSPICIOUS_MOVE = YES;
				CLANG_WARN_UNGUARDED_AVAILABILITY = YES_AGGRESSIVE;
				CLANG_WARN_UNREACHABLE_CODE = YES;
				CLANG_WARN__DUPLICATE_METHOD_MATCH = YES;
				COPY_PHASE_STRIP = NO;
				DEBUG_INFORMATION_FORMAT = "dwarf-with-dsym";
				ENABLE_NS_ASSERTIONS = NO;
				ENABLE_STRICT_OBJC_MSGSEND = YES;
				GCC_C_LANGUAGE_STANDARD = gnu11;
				GCC_NO_COMMON_BLOCKS = YES;
				GCC_WARN_64_TO_32_BIT_CONVERSION = YES;
				GCC_WARN_ABOUT_RETURN_TYPE = YES_ERROR;
				GCC_WARN_UNDECLARED_SELECTOR = YES;
				GCC_WARN_UNINITIALIZED_AUTOS = YES_AGGRESSIVE;
				GCC_WARN_UNUSED_FUNCTION = YES;
				GCC_WARN_UNUSED_VARIABLE = YES;
				IPHONEOS_DEPLOYMENT_TARGET = 13.5;
				MTL_ENABLE_DEBUG_INFO = NO;
				MTL_FAST_MATH = YES;
				SDKROOT = iphoneos;
				SWIFT_COMPILATION_MODE = wholemodule;
				SWIFT_OPTIMIZATION_LEVEL = "-O";
				VALIDATE_PRODUCT = YES;
			};
			name = Release;
		};
		F2A5690A248E882100779988 /* Debug */ = {
			isa = XCBuildConfiguration;
			buildSettings = {
				ASSETCATALOG_COMPILER_APPICON_NAME = AppIcon;
				CODE_SIGN_STYLE = Automatic;
				DEVELOPMENT_TEAM = S55L3KXWBC;
				INFOPLIST_FILE = ComixCards/Info.plist;
				LD_RUNPATH_SEARCH_PATHS = (
					"$(inherited)",
					"@executable_path/Frameworks",
				);
				PRODUCT_BUNDLE_IDENTIFIER = com.nikolasomelianov.ComixCards;
				PRODUCT_NAME = "$(TARGET_NAME)";
				SWIFT_VERSION = 5.0;
				TARGETED_DEVICE_FAMILY = "1,2";
			};
			name = Debug;
		};
		F2A5690B248E882100779988 /* Release */ = {
			isa = XCBuildConfiguration;
			buildSettings = {
				ASSETCATALOG_COMPILER_APPICON_NAME = AppIcon;
				CODE_SIGN_STYLE = Automatic;
				DEVELOPMENT_TEAM = S55L3KXWBC;
				INFOPLIST_FILE = ComixCards/Info.plist;
				LD_RUNPATH_SEARCH_PATHS = (
					"$(inherited)",
					"@executable_path/Frameworks",
				);
				PRODUCT_BUNDLE_IDENTIFIER = com.nikolasomelianov.ComixCards;
				PRODUCT_NAME = "$(TARGET_NAME)";
				SWIFT_VERSION = 5.0;
				TARGETED_DEVICE_FAMILY = "1,2";
			};
			name = Release;
		};
		F2A5690D248E882100779988 /* Debug */ = {
			isa = XCBuildConfiguration;
			buildSettings = {
				ALWAYS_EMBED_SWIFT_STANDARD_LIBRARIES = YES;
				BUNDLE_LOADER = "$(TEST_HOST)";
				CODE_SIGN_STYLE = Automatic;
				DEVELOPMENT_TEAM = S55L3KXWBC;
				INFOPLIST_FILE = ComixCardsTests/Info.plist;
				IPHONEOS_DEPLOYMENT_TARGET = 13.5;
				LD_RUNPATH_SEARCH_PATHS = (
					"$(inherited)",
					"@executable_path/Frameworks",
					"@loader_path/Frameworks",
				);
				PRODUCT_BUNDLE_IDENTIFIER = com.nikolasomelianov.ComixCardsTests;
				PRODUCT_NAME = "$(TARGET_NAME)";
				SWIFT_VERSION = 5.0;
				TARGETED_DEVICE_FAMILY = "1,2";
				TEST_HOST = "$(BUILT_PRODUCTS_DIR)/ComixCards.app/ComixCards";
			};
			name = Debug;
		};
		F2A5690E248E882100779988 /* Release */ = {
			isa = XCBuildConfiguration;
			buildSettings = {
				ALWAYS_EMBED_SWIFT_STANDARD_LIBRARIES = YES;
				BUNDLE_LOADER = "$(TEST_HOST)";
				CODE_SIGN_STYLE = Automatic;
				DEVELOPMENT_TEAM = S55L3KXWBC;
				INFOPLIST_FILE = ComixCardsTests/Info.plist;
				IPHONEOS_DEPLOYMENT_TARGET = 13.5;
				LD_RUNPATH_SEARCH_PATHS = (
					"$(inherited)",
					"@executable_path/Frameworks",
					"@loader_path/Frameworks",
				);
				PRODUCT_BUNDLE_IDENTIFIER = com.nikolasomelianov.ComixCardsTests;
				PRODUCT_NAME = "$(TARGET_NAME)";
				SWIFT_VERSION = 5.0;
				TARGETED_DEVICE_FAMILY = "1,2";
				TEST_HOST = "$(BUILT_PRODUCTS_DIR)/ComixCards.app/ComixCards";
			};
			name = Release;
		};
/* End XCBuildConfiguration section */

/* Begin XCConfigurationList section */
		F2A568E5248E881E00779988 /* Build configuration list for PBXProject "ComixCards" */ = {
			isa = XCConfigurationList;
			buildConfigurations = (
				F2A56907248E882100779988 /* Debug */,
				F2A56908248E882100779988 /* Release */,
			);
			defaultConfigurationIsVisible = 0;
			defaultConfigurationName = Release;
		};
		F2A56909248E882100779988 /* Build configuration list for PBXNativeTarget "ComixCards" */ = {
			isa = XCConfigurationList;
			buildConfigurations = (
				F2A5690A248E882100779988 /* Debug */,
				F2A5690B248E882100779988 /* Release */,
			);
			defaultConfigurationIsVisible = 0;
			defaultConfigurationName = Release;
		};
		F2A5690C248E882100779988 /* Build configuration list for PBXNativeTarget "ComixCardsTests" */ = {
			isa = XCConfigurationList;
			buildConfigurations = (
				F2A5690D248E882100779988 /* Debug */,
				F2A5690E248E882100779988 /* Release */,
			);
			defaultConfigurationIsVisible = 0;
			defaultConfigurationName = Release;
		};
/* End XCConfigurationList section */
	};
	rootObject = F2A568E2248E881E00779988 /* Project object */;
}
